
Microsoft Visual Studio Solution File, Format Version 12.00
# Visual Studio Version 16
VisualStudioVersion = 16.0.28803.202
MinimumVisualStudioVersion = 10.0.40219.1
Project("{FAE04EC0-301F-11D3-BF4B-00C04F79EFBC}") = "MongoExample1", "MongoExample1\MongoExample1.csproj", "{D136B26C-AB8A-4E8F-AF07-CBFC66F06864}"
EndProject
Global
	GlobalSection(SolutionConfigurationPlatforms) = preSolution
		Debug|Any CPU = Debug|Any CPU
		Release|Any CPU = Release|Any CPU
	EndGlobalSection
	GlobalSection(ProjectConfigurationPlatforms) = postSolution
		{D136B26C-AB8A-4E8F-AF07-CBFC66F06864}.Debug|Any CPU.ActiveCfg = Debug|Any CPU
		{D136B26C-AB8A-4E8F-AF07-CBFC66F06864}.Debug|Any CPU.Build.0 = Debug|Any CPU
		{D136B26C-AB8A-4E8F-AF07-CBFC66F06864}.Release|Any CPU.ActiveCfg = Release|Any CPU
		{D136B26C-AB8A-4E8F-AF07-CBFC66F06864}.Release|Any CPU.Build.0 = Release|Any CPU
	EndGlobalSection
	GlobalSection(SolutionProperties) = preSolution
		HideSolutionNode = FALSE
	EndGlobalSection
	GlobalSection(ExtensibilityGlobals) = postSolution
		SolutionGuid = {7FD8B100-DA49-4E1C-A438-45B01B1663AB}
	EndGlobalSection
EndGlobal
